<?xml version="1.0" encoding="utf-8"?>
<Project ToolsVersion="4.0" xmlns="http://schemas.microsoft.com/developer/msbuild/2003">
  <ItemGroup>
    <Filter Include="Source Files">
      <UniqueIdentifier>{4FC737F1-C7A5-4376-A066-2A32D752A2FF}</UniqueIdentifier>
      <Extensions>cpp;c;cc;cxx;c++;cppm;ixx;def;odl;idl;hpj;bat;asm;asmx</Extensions>
    </Filter>
    <Filter Include="Header Files">
      <UniqueIdentifier>{93995380-89BD-4b04-88EB-625FBE52EBFB}</UniqueIdentifier>
      <Extensions>h;hh;hpp;hxx;h++;hm;inl;inc;ipp;xsd</Extensions>
    </Filter>
    <Filter Include="Resource Files">
      <UniqueIdentifier>{67DA6AB6-F800-4c08-8B7A-83BB121AAD01}</UniqueIdentifier>
      <Extensions>rc;ico;cur;bmp;dlg;rc2;rct;bin;rgs;gif;jpg;jpeg;jpe;resx;tiff;tif;png;wav;mfcribbon-ms</Extensions>
    </Filter>
  </ItemGroup>
  <ItemGroup>
    <ClCompile Include="vendor\imgui\imgui.cpp">
      <Filter>Source Files</Filter>
    </ClCompile>
    <ClCompile Include="vendor\imgui\imgui_draw.cpp">
      <Filter>Source Files</Filter>
    </ClCompile>
    <ClCompile Include="vendor\imgui\imgui_impl_dx11.cpp">
      <Filter>Source Files</Filter>
    </ClCompile>
    <ClCompile Include="vendor\imgui\imgui_impl_win32.cpp">
      <Filter>Source Files</Filter>
    </ClCompile>
    <ClCompile Include="vendor\imgui\imgui_tables.cpp">
      <Filter>Source Files</Filter>
    </ClCompile>
    <ClCompile Include="vendor\imgui\imgui_widgets.cpp">
      <Filter>Source Files</Filter>
    </ClCompile>
    <ClCompile Include="pch.cpp">
      <Filter>Source Files</Filter>
    </ClCompile>
    <ClCompile Include="src\ui\Container.cpp">
      <Filter>Source Files</Filter>
    </ClCompile>
    <ClCompile Include="src\ui\Widget.cpp">
      <Filter>Source Files</Filter>
    </ClCompile>
    <ClCompile Include="src\backend\render.cpp">
      <Filter>Source Files</Filter>
    </ClCompile>
    <ClCompile Include="src\utils\logger.cpp">
      <Filter>Source Files</Filter>
    </ClCompile>
    <ClCompile Include="src\core\Application.cpp">
      <Filter>Source Files</Filter>
    </ClCompile>
    <ClCompile Include="src\utils\screen.cpp">
      <Filter>Source Files</Filter>
    </ClCompile>
    <ClCompile Include="src\ui\widgets\Label.cpp">
      <Filter>Source Files</Filter>
    </ClCompile>
    <ClCompile Include="src\ui\types.cpp">
      <Filter>Source Files</Filter>
    </ClCompile>
    <ClCompile Include="src\ui\widgets\Button.cpp">
      <Filter>Source Files</Filter>
    </ClCompile>
    <ClCompile Include="src\ui\BoxModel.cpp">
      <Filter>Source Files</Filter>
    </ClCompile>
    <ClCompile Include="src\ui\widgets\TextBox.cpp">
      <Filter>Source Files</Filter>
    </ClCompile>
    <ClCompile Include="src\core\Font.cpp">
      <Filter>Source Files</Filter>
    </ClCompile>
    <ClCompile Include="src\ui\layouts\FlexBox.cpp">
      <Filter>Source Files</Filter>
    </ClCompile>
    <ClCompile Include="src\ui\widgets\Spacer.cpp">
      <Filter>Source Files</Filter>
    </ClCompile>
    <ClCompile Include="src\ui\widgets\NavBar.cpp">
      <Filter>Source Files</Filter>
    </ClCompile>
    <ClCompile Include="src\ui\layouts\ViewSwitcher.cpp">
      <Filter>Source Files</Filter>
    </ClCompile>
    <ClCompile Include="src\core\event_dispatcher.cpp">
      <Filter>Source Files</Filter>
    </ClCompile>
    <ClCompile Include="src\utils\layout_math.cpp">
      <Filter>Source Files</Filter>
    </ClCompile>
    <ClCompile Include="src\utils\imgui_utils.cpp">
      <Filter>Source Files</Filter>
    </ClCompile>
    <ClCompile Include="src\ui\fx\Animator.cpp">
      <Filter>Source Files</Filter>
    </ClCompile>
    <ClCompile Include="src\utils\widget_draw.cpp">
      <Filter>Source Files</Filter>
    </ClCompile>
    <ClCompile Include="src\ui\widgets\Slider.cpp">
      <Filter>Source Files</Filter>
    </ClCompile>
    <ClCompile Include="src\utils\keycode_utils.cpp">
      <Filter>Source Files</Filter>
    </ClCompile>
    <ClCompile Include="src\ui\widgets\HotkeySelector.cpp">
      <Filter>Source Files</Filter>
    </ClCompile>
    <ClCompile Include="src\ui\widgets\Dropdown.cpp">
      <Filter>Source Files</Filter>
    </ClCompile>
    <ClCompile Include="src\ui\widgets\RadioButton.cpp">
      <Filter>Source Files</Filter>
    </ClCompile>
  </ItemGroup>
  <ItemGroup>
    <ClInclude Include="vendor\imgui\imconfig.h">
      <Filter>Header Files</Filter>
    </ClInclude>
    <ClInclude Include="vendor\imgui\imgui.h">
      <Filter>Header Files</Filter>
    </ClInclude>
    <ClInclude Include="vendor\imgui\imgui_impl_dx11.h">
      <Filter>Header Files</Filter>
    </ClInclude>
    <ClInclude Include="vendor\imgui\imgui_impl_win32.h">
      <Filter>Header Files</Filter>
    </ClInclude>
    <ClInclude Include="vendor\imgui\imgui_internal.h">
      <Filter>Header Files</Filter>
    </ClInclude>
    <ClInclude Include="vendor\imgui\imstb_rectpack.h">
      <Filter>Header Files</Filter>
    </ClInclude>
    <ClInclude Include="vendor\imgui\imstb_textedit.h">
      <Filter>Header Files</Filter>
    </ClInclude>
    <ClInclude Include="vendor\imgui\imstb_truetype.h">
      <Filter>Header Files</Filter>
    </ClInclude>
    <ClInclude Include="pch.h">
      <Filter>Header Files</Filter>
    </ClInclude>
    <ClInclude Include="include\ui\Widget.h">
      <Filter>Header Files</Filter>
    </ClInclude>
    <ClInclude Include="include\ui\Container.h">
      <Filter>Header Files</Filter>
    </ClInclude>
    <ClInclude Include="include\backend\render.h">
      <Filter>Header Files</Filter>
    </ClInclude>
    <ClInclude Include="include\backend\backend_defs.h">
      <Filter>Header Files</Filter>
    </ClInclude>
    <ClInclude Include="include\utils\logger.h">
      <Filter>Header Files</Filter>
    </ClInclude>
    <ClInclude Include="include\core\Application.h">
      <Filter>Header Files</Filter>
    </ClInclude>
    <ClInclude Include="include\utils\screen.h">
      <Filter>Header Files</Filter>
    </ClInclude>
    <ClInclude Include="include\backend\types.h">
      <Filter>Header Files</Filter>
    </ClInclude>
    <ClInclude Include="include\ui\widgets\Label.h">
      <Filter>Header Files</Filter>
    </ClInclude>
    <ClInclude Include="include\ui\Style.h">
      <Filter>Header Files</Filter>
    </ClInclude>
    <ClInclude Include="include\ui\types.h">
      <Filter>Header Files</Filter>
    </ClInclude>
    <ClInclude Include="include\ui\widgets\Button.h">
      <Filter>Header Files</Filter>
    </ClInclude>
    <ClInclude Include="include\ui\BoxModel.h">
      <Filter>Header Files</Filter>
    </ClInclude>
    <ClInclude Include="include\ui\widgets\TextBox.h">
      <Filter>Header Files</Filter>
    </ClInclude>
    <ClInclude Include="include\core\Font.h">
      <Filter>Header Files</Filter>
    </ClInclude>
    <ClInclude Include="include\ui\layouts\FlexBox.h">
      <Filter>Header Files</Filter>
    </ClInclude>
    <ClInclude Include="include\ui\widgets\Spacer.h">
      <Filter>Header Files</Filter>
    </ClInclude>
    <ClInclude Include="include\ui\widgets\NavBar.h">
      <Filter>Header Files</Filter>
    </ClInclude>
    <ClInclude Include="include\ui\layouts\ViewSwitcher.h">
      <Filter>Header Files</Filter>
    </ClInclude>
    <ClInclude Include="include\core\event_dispatcher.h">
      <Filter>Header Files</Filter>
    </ClInclude>
    <ClInclude Include="include\utils\layout_math.h">
      <Filter>Header Files</Filter>
    </ClInclude>
    <ClInclude Include="include\utils\imgui_utils.h">
      <Filter>Header Files</Filter>
    </ClInclude>
    <ClInclude Include="include\ui\layouts\Hbox.h">
      <Filter>Header Files</Filter>
    </ClInclude>
    <ClInclude Include="include\ui\layouts\Vbox.h">
      <Filter>Header Files</Filter>
    </ClInclude>
    <ClInclude Include="include\ui\layouts\FlexCommon.h">
      <Filter>Header Files</Filter>
    </ClInclude>
    <ClInclude Include="include\ui\fx\Animator.h">
      <Filter>Header Files</Filter>
    </ClInclude>
    <ClInclude Include="include\utils\widget_draw.h">
      <Filter>Header Files</Filter>
    </ClInclude>
    <ClInclude Include="include\ui\widgets\Slider.h">
      <Filter>Header Files</Filter>
    </ClInclude>
    <ClInclude Include="include\ui\widgets\HotkeySelector.h">
      <Filter>Header Files</Filter>
    </ClInclude>
    <ClInclude Include="include\utils\keycode_utils.h">
      <Filter>Header Files</Filter>
    </ClInclude>
    <ClInclude Include="include\ui\widgets\Dropdown.h">
      <Filter>Header Files</Filter>
    </ClInclude>
    <ClInclude Include="include\ui\widgets\RadioButton.h">
      <Filter>Header Files</Filter>
    </ClInclude>
  </ItemGroup>
  <ItemGroup>
    <Text Include="TODO.txt" />
  </ItemGroup>
</Project>